
Microsoft Visual Studio Solution File, Format Version 12.00
# Visual Studio 14
VisualStudioVersion = 14.0.25420.1
MinimumVisualStudioVersion = 10.0.40219.1
Project("{FAE04EC0-301F-11D3-BF4B-00C04F79EFBC}") = "SQU1RR3L", "SQU1RR3L\SQU1RR3L.csproj", "{B3A44D81-0B9B-411D-AD48-B191DAC2F2D1}"
EndProject
Project("{FAE04EC0-301F-11D3-BF4B-00C04F79EFBC}") = "SQU1RR3Lv2", "SQU1RR3Lv2\SQU1RR3Lv2.csproj", "{A996739A-F830-45B7-AF29-E8E17CED11B3}"
EndProject
Global
	GlobalSection(SolutionConfigurationPlatforms) = preSolution
		Debug|Any CPU = Debug|Any CPU
		Release|Any CPU = Release|Any CPU
	EndGlobalSection
	GlobalSection(ProjectConfigurationPlatforms) = postSolution
		{B3A44D81-0B9B-411D-AD48-B191DAC2F2D1}.Debug|Any CPU.ActiveCfg = Debug|Any CPU
		{B3A44D81-0B9B-411D-AD48-B191DAC2F2D1}.Debug|Any CPU.Build.0 = Debug|Any CPU
		{B3A44D81-0B9B-411D-AD48-B191DAC2F2D1}.Release|Any CPU.ActiveCfg = Release|Any CPU
		{B3A44D81-0B9B-411D-AD48-B191DAC2F2D1}.Release|Any CPU.Build.0 = Release|Any CPU
		{A996739A-F830-45B7-AF29-E8E17CED11B3}.Debug|Any CPU.ActiveCfg = Debug|Any CPU
		{A996739A-F830-45B7-AF29-E8E17CED11B3}.Debug|Any CPU.Build.0 = Debug|Any CPU
		{A996739A-F830-45B7-AF29-E8E17CED11B3}.Release|Any CPU.ActiveCfg = Release|Any CPU
		{A996739A-F830-45B7-AF29-E8E17CED11B3}.Release|Any CPU.Build.0 = Release|Any CPU
	EndGlobalSection
	GlobalSection(SolutionProperties) = preSolution
		HideSolutionNode = FALSE
	EndGlobalSection
EndGlobal
